# This file was autogenerated by Stack.
# You should not edit this file by hand.
# For more information, please see the documentation at:
#   https://docs.haskellstack.org/en/stable/lock_files

packages:
- completed:
    hackage: yamlparse-applicative-0.1.0.2@sha256:bda91f2818c1b5b124963931cb7f9a4e5758d026c09713e9ae2234534062747d,2133
    pantry-tree:
      size: 799
      sha256: d7f9dc8e45e6c100a902f0595e6090169705d9451793ef1cb896237334a1b529
  original:
    hackage: yamlparse-applicative-0.1.0.2@sha256:bda91f2818c1b5b124963931cb7f9a4e5758d026c09713e9ae2234534062747d,2133
snapshots:
- completed:
    size: 491387
    url: https://raw.githubusercontent.com/commercialhaskell/stackage-snapshots/master/lts/15/6.yaml
    sha256: 8d81505a6de861e167a58534ab62330afb75bfa108735c7db1204f7ef2a39d79
  original: lts-15.6
